// !$*UTF8*$!
{
	archiveVersion = 1;
	classes = {
	};
	objectVersion = 46;
	objects = {

/* Begin PBXBuildFile section */
		D22A8EF91BF4244500813654 /* baidu.jpg in Resources */ = {isa = PBXBuildFile; fileRef = D22A8EF81BF4244500813654 /* baidu.jpg */; };
		D2940F711BA2B5DE00BD3E1B /* main.m in Sources */ = {isa = PBXBuildFile; fileRef = D2940F701BA2B5DE00BD3E1B /* main.m */; };
		D2940F741BA2B5DE00BD3E1B /* AppDelegate.m in Sources */ = {isa = PBXBuildFile; fileRef = D2940F731BA2B5DE00BD3E1B /* AppDelegate.m */; };
		D2940F761BA2B5DE00BD3E1B /* Images.xcassets in Resources */ = {isa = PBXBuildFile; fileRef = D2940F751BA2B5DE00BD3E1B /* Images.xcassets */; };
		D2940F791BA2B5DE00BD3E1B /* LaunchScreen.xib in Resources */ = {isa = PBXBuildFile; fileRef = D2940F771BA2B5DE00BD3E1B /* LaunchScreen.xib */; };
		D2940F851BA2B5DE00BD3E1B /* NSAttributedStringTests.m in Sources */ = {isa = PBXBuildFile; fileRef = D2940F841BA2B5DE00BD3E1B /* NSAttributedStringTests.m */; };
		D2940F901BA2B5F700BD3E1B /* MainViewController.m in Sources */ = {isa = PBXBuildFile; fileRef = D2940F8F1BA2B5F600BD3E1B /* MainViewController.m */; };
/* End PBXBuildFile section */

/* Begin PBXContainerItemProxy section */
		D2940F7F1BA2B5DE00BD3E1B /* PBXContainerItemProxy */ = {
			isa = PBXContainerItemProxy;
			containerPortal = D2940F631BA2B5DE00BD3E1B /* Project object */;
			proxyType = 1;
			remoteGlobalIDString = D2940F6A1BA2B5DE00BD3E1B;
			remoteInfo = NSAttributedString;
		};
/* End PBXContainerItemProxy section */

/* Begin PBXFileReference section */
		D22A8EF81BF4244500813654 /* baidu.jpg */ = {isa = PBXFileReference; lastKnownFileType = image.jpeg; path = baidu.jpg; sourceTree = "<group>"; };
		D2940F6B1BA2B5DE00BD3E1B /* NSAttributedString.app */ = {isa = PBXFileReference; explicitFileType = wrapper.application; includeInIndex = 0; path = NSAttributedString.app; sourceTree = BUILT_PRODUCTS_DIR; };
		D2940F6F1BA2B5DE00BD3E1B /* Info.plist */ = {isa = PBXFileReference; lastKnownFileType = text.plist.xml; path = Info.plist; sourceTree = "<group>"; };
		D2940F701BA2B5DE00BD3E1B /* main.m */ = {isa = PBXFileReference; lastKnownFileType = sourcecode.c.objc; path = main.m; sourceTree = "<group>"; };
		D2940F721BA2B5DE00BD3E1B /* AppDelegate.h */ = {isa = PBXFileReference; lastKnownFileType = sourcecode.c.h; path = AppDelegate.h; sourceTree = "<group>"; };
		D2940F731BA2B5DE00BD3E1B /* AppDelegate.m */ = {isa = PBXFileReference; lastKnownFileType = sourcecode.c.objc; path = AppDelegate.m; sourceTree = "<group>"; };
		D2940F751BA2B5DE00BD3E1B /* Images.xcassets */ = {isa = PBXFileReference; lastKnownFileType = folder.assetcatalog; path = Images.xcassets; sourceTree = "<group>"; };
		D2940F781BA2B5DE00BD3E1B /* Base */ = {isa = PBXFileReference; lastKnownFileType = file.xib; name = Base; path = Base.lproj/LaunchScreen.xib; sourceTree = "<group>"; };
		D2940F7E1BA2B5DE00BD3E1B /* NSAttributedStringTests.xctest */ = {isa = PBXFileReference; explicitFileType = wrapper.cfbundle; includeInIndex = 0; path = NSAttributedStringTests.xctest; sourceTree = BUILT_PRODUCTS_DIR; };
		D2940F831BA2B5DE00BD3E1B /* Info.plist */ = {isa = PBXFileReference; lastKnownFileType = text.plist.xml; path = Info.plist; sourceTree = "<group>"; };
		D2940F841BA2B5DE00BD3E1B /* NSAttributedStringTests.m */ = {isa = PBXFileReference; lastKnownFileType = sourcecode.c.objc; path = NSAttributedStringTests.m; sourceTree = "<group>"; };
		D2940F8E1BA2B5F600BD3E1B /* MainViewController.h */ = {isa = PBXFileReference; fileEncoding = 4; lastKnownFileType = sourcecode.c.h; path = MainViewController.h; sourceTree = "<group>"; };
		D2940F8F1BA2B5F600BD3E1B /* MainViewController.m */ = {isa = PBXFileReference; fileEncoding = 4; lastKnownFileType = sourcecode.c.objc; path = MainViewController.m; sourceTree = "<group>"; };
/* End PBXFileReference section */

/* Begin PBXFrameworksBuildPhase section */
		D2940F681BA2B5DE00BD3E1B /* Frameworks */ = {
			isa = PBXFrameworksBuildPhase;
			buildActionMask = 2147483647;
			files = (
			);
			runOnlyForDeploymentPostprocessing = 0;
		};
		D2940F7B1BA2B5DE00BD3E1B /* Frameworks */ = {
			isa = PBXFrameworksBuildPhase;
			buildActionMask = 2147483647;
			files = (
			);
			runOnlyForDeploymentPostprocessing = 0;
		};
/* End PBXFrameworksBuildPhase section */

/* Begin PBXGroup section */
		D2940F621BA2B5DE00BD3E1B = {
			isa = PBXGroup;
			children = (
				D2940F6D1BA2B5DE00BD3E1B /* NSAttributedString */,
				D2940F811BA2B5DE00BD3E1B /* NSAttributedStringTests */,
				D2940F6C1BA2B5DE00BD3E1B /* Products */,
			);
			sourceTree = "<group>";
		};
		D2940F6C1BA2B5DE00BD3E1B /* Products */ = {
			isa = PBXGroup;
			children = (
				D2940F6B1BA2B5DE00BD3E1B /* NSAttributedString.app */,
				D2940F7E1BA2B5DE00BD3E1B /* NSAttributedStringTests.xctest */,
			);
			name = Products;
			sourceTree = "<group>";
		};
		D2940F6D1BA2B5DE00BD3E1B /* NSAttributedString */ = {
			isa = PBXGroup;
			children = (
				D22A8EF81BF4244500813654 /* baidu.jpg */,
				D2940F721BA2B5DE00BD3E1B /* AppDelegate.h */,
				D2940F731BA2B5DE00BD3E1B /* AppDelegate.m */,
				D2940F8E1BA2B5F600BD3E1B /* MainViewController.h */,
				D2940F8F1BA2B5F600BD3E1B /* MainViewController.m */,
				D2940F751BA2B5DE00BD3E1B /* Images.xcassets */,
				D2940F771BA2B5DE00BD3E1B /* LaunchScreen.xib */,
				D2940F6E1BA2B5DE00BD3E1B /* Supporting Files */,
			);
			path = NSAttributedString;
			sourceTree = "<group>";
		};
		D2940F6E1BA2B5DE00BD3E1B /* Supporting Files */ = {
			isa = PBXGroup;
			children = (
				D2940F6F1BA2B5DE00BD3E1B /* Info.plist */,
				D2940F701BA2B5DE00BD3E1B /* main.m */,
			);
			name = "Supporting Files";
			sourceTree = "<group>";
		};
		D2940F811BA2B5DE00BD3E1B /* NSAttributedStringTests */ = {
			isa = PBXGroup;
			children = (
				D2940F841BA2B5DE00BD3E1B /* NSAttributedStringTests.m */,
				D2940F821BA2B5DE00BD3E1B /* Supporting Files */,
			);
			path = NSAttributedStringTests;
			sourceTree = "<group>";
		};
		D2940F821BA2B5DE00BD3E1B /* Supporting Files */ = {
			isa = PBXGroup;
			children = (
				D2940F831BA2B5DE00BD3E1B /* Info.plist */,
			);
			name = "Supporting Files";
			sourceTree = "<group>";
		};
/* End PBXGroup section */

/* Begin PBXNativeTarget section */
		D2940F6A1BA2B5DE00BD3E1B /* NSAttributedString */ = {
			isa = PBXNativeTarget;
			buildConfigurationList = D2940F881BA2B5DE00BD3E1B /* Build configuration list for PBXNativeTarget "NSAttributedString" */;
			buildPhases = (
				D2940F671BA2B5DE00BD3E1B /* Sources */,
				D2940F681BA2B5DE00BD3E1B /* Frameworks */,
				D2940F691BA2B5DE00BD3E1B /* Resources */,
			);
			buildRules = (
			);
			dependencies = (
			);
			name = NSAttributedString;
			productName = NSAttributedString;
			productReference = D2940F6B1BA2B5DE00BD3E1B /* NSAttributedString.app */;
			productType = "com.apple.product-type.application";
		};
		D2940F7D1BA2B5DE00BD3E1B /* NSAttributedStringTests */ = {
			isa = PBXNativeTarget;
			buildConfigurationList = D2940F8B1BA2B5DE00BD3E1B /* Build configuration list for PBXNativeTarget "NSAttributedStringTests" */;
			buildPhases = (
				D2940F7A1BA2B5DE00BD3E1B /* Sources */,
				D2940F7B1BA2B5DE00BD3E1B /* Frameworks */,
				D2940F7C1BA2B5DE00BD3E1B /* Resources */,
			);
			buildRules = (
			);
			dependencies = (
				D2940F801BA2B5DE00BD3E1B /* PBXTargetDependency */,
			);
			name = NSAttributedStringTests;
			productName = NSAttributedStringTests;
			productReference = D2940F7E1BA2B5DE00BD3E1B /* NSAttributedStringTests.xctest */;
			productType = "com.apple.product-type.bundle.unit-test";
		};
/* End PBXNativeTarget section */

/* Begin PBXProject section */
		D2940F631BA2B5DE00BD3E1B /* Project object */ = {
			isa = PBXProject;
			attributes = {
				LastUpgradeCheck = 0640;
				ORGANIZATIONNAME = Scott;
				TargetAttributes = {
					D2940F6A1BA2B5DE00BD3E1B = {
						CreatedOnToolsVersion = 6.4;
					};
					D2940F7D1BA2B5DE00BD3E1B = {
						CreatedOnToolsVersion = 6.4;
						TestTargetID = D2940F6A1BA2B5DE00BD3E1B;
					};
				};
			};
			buildConfigurationList = D2940F661BA2B5DE00BD3E1B /* Build configuration list for PBXProject "NSAttributedString" */;
			compatibilityVersion = "Xcode 3.2";
			developmentRegion = English;
			hasScannedForEncodings = 0;
			knownRegions = (
				en,
				Base,
			);
			mainGroup = D2940F621BA2B5DE00BD3E1B;
			productRefGroup = D2940F6C1BA2B5DE00BD3E1B /* Products */;
			projectDirPath = "";
			projectRoot = "";
			targets = (
				D2940F6A1BA2B5DE00BD3E1B /* NSAttributedString */,
				D2940F7D1BA2B5DE00BD3E1B /* NSAttributedStringTests */,
			);
		};
/* End PBXProject section */

/* Begin PBXResourcesBuildPhase section */
		D2940F691BA2B5DE00BD3E1B /* Resources */ = {
			isa = PBXResourcesBuildPhase;
			buildActionMask = 2147483647;
			files = (
				D22A8EF91BF4244500813654 /* baidu.jpg in Resources */,
				D2940F791BA2B5DE00BD3E1B /* LaunchScreen.xib in Resources */,
				D2940F761BA2B5DE00BD3E1B /* Images.xcassets in Resources */,
			);
			runOnlyForDeploymentPostprocessing = 0;
		};
		D2940F7C1BA2B5DE00BD3E1B /* Resources */ = {
			isa = PBXResourcesBuildPhase;
			buildActionMask = 2147483647;
			files = (
			);
			runOnlyForDeploymentPostprocessing = 0;
		};
/* End PBXResourcesBuildPhase section */

/* Begin PBXSourcesBuildPhase section */
		D2940F671BA2B5DE00BD3E1B /* Sources */ = {
			isa = PBXSourcesBuildPhase;
			buildActionMask = 2147483647;
			files = (
				D2940F741BA2B5DE00BD3E1B /* AppDelegate.m in Sources */,
				D2940F901BA2B5F700BD3E1B /* MainViewController.m in Sources */,
				D2940F711BA2B5DE00BD3E1B /* main.m in Sources */,
			);
			runOnlyForDeploymentPostprocessing = 0;
		};
		D2940F7A1BA2B5DE00BD3E1B /* Sources */ = {
			isa = PBXSourcesBuildPhase;
			buildActionMask = 2147483647;
			files = (
				D2940F851BA2B5DE00BD3E1B /* NSAttributedStringTests.m in Sources */,
			);
			runOnlyForDeploymentPostprocessing = 0;
		};
/* End PBXSourcesBuildPhase section */

/* Begin PBXTargetDependency section */
		D2940F801BA2B5DE00BD3E1B /* PBXTargetDependency */ = {
			isa = PBXTargetDependency;
			target = D2940F6A1BA2B5DE00BD3E1B /* NSAttributedString */;
			targetProxy = D2940F7F1BA2B5DE00BD3E1B /* PBXContainerItemProxy */;
		};
/* End PBXTargetDependency section */

/* Begin PBXVariantGroup section */
		D2940F771BA2B5DE00BD3E1B /* LaunchScreen.xib */ = {
			isa = PBXVariantGroup;
			children = (
				D2940F781BA2B5DE00BD3E1B /* Base */,
			);
			name = LaunchScreen.xib;
			sourceTree = "<group>";
		};
/* End PBXVariantGroup section */

/* Begin XCBuildConfiguration section */
		D2940F861BA2B5DE00BD3E1B /* Debug */ = {
			isa = XCBuildConfiguration;
			buildSettings = {
				ALWAYS_SEARCH_USER_PATHS = NO;
				CLANG_CXX_LANGUAGE_STANDARD = "gnu++0x";
				CLANG_CXX_LIBRARY = "libc++";
				CLANG_ENABLE_MODULES = YES;
				CLANG_ENABLE_OBJC_ARC = YES;
				CLANG_WARN_BOOL_CONVERSION = YES;
				CLANG_WARN_CONSTANT_CONVERSION = YES;
				CLANG_WARN_DIRECT_OBJC_ISA_USAGE = YES_ERROR;
				CLANG_WARN_EMPTY_BODY = YES;
				CLANG_WARN_ENUM_CONVERSION = YES;
				CLANG_WARN_INT_CONVERSION = YES;
				CLANG_WARN_OBJC_ROOT_CLASS = YES_ERROR;
				CLANG_WARN_UNREACHABLE_CODE = YES;
				CLANG_WARN__DUPLICATE_METHOD_MATCH = YES;
				"CODE_SIGN_IDENTITY[sdk=iphoneos*]" = "iPhone Developer";
				COPY_PHASE_STRIP = NO;
				DEBUG_INFORMATION_FORMAT = "dwarf-with-dsym";
				ENABLE_STRICT_OBJC_MSGSEND = YES;
				GCC_C_LANGUAGE_STANDARD = gnu99;
				GCC_DYNAMIC_NO_PIC = NO;
				GCC_NO_COMMON_BLOCKS = YES;
				GCC_OPTIMIZATION_LEVEL = 0;
				GCC_PREPROCESSOR_DEFINITIONS = (
					"DEBUG=1",
					"$(inherited)",
				);
				GCC_SYMBOLS_PRIVATE_EXTERN = NO;
				GCC_WARN_64_TO_32_BIT_CONVERSION = YES;
				GCC_WARN_ABOUT_RETURN_TYPE = YES_ERROR;
				GCC_WARN_UNDECLARED_SELECTOR = YES;
				GCC_WARN_UNINITIALIZED_AUTOS = YES_AGGRESSIVE;
				GCC_WARN_UNUSED_FUNCTION = YES;
				GCC_WARN_UNUSED_VARIABLE = YES;
				IPHONEOS_DEPLOYMENT_TARGET = 8.4;
				MTL_ENABLE_DEBUG_INFO = YES;
				ONLY_ACTIVE_ARCH = YES;
				SDKROOT = iphoneos;
			};
			name = Debug;
		};
		D2940F871BA2B5DE00BD3E1B /* Release */ = {
			isa = XCBuildConfiguration;
			buildSettings = {
				ALWAYS_SEARCH_USER_PATHS = NO;
				CLANG_CXX_LANGUAGE_STANDARD = "gnu++0x";
				CLANG_CXX_LIBRARY = "libc++";
				CLANG_ENABLE_MODULES = YES;
				CLANG_ENABLE_OBJC_ARC = YES;
				CLANG_WARN_BOOL_CONVERSION = YES;
				CLANG_WARN_CONSTANT_CONVERSION = YES;
				CLANG_WARN_DIRECT_OBJC_ISA_USAGE = YES_ERROR;
				CLANG_WARN_EMPTY_BODY = YES;
				CLANG_WARN_ENUM_CONVERSION = YES;
				CLANG_WARN_INT_CONVERSION = YES;
				CLANG_WARN_OBJC_ROOT_CLASS = YES_ERROR;
				CLANG_WARN_UNREACHABLE_CODE = YES;
				CLANG_WARN__DUPLICATE_METHOD_MATCH = YES;
				"CODE_SIGN_IDENTITY[sdk=iphoneos*]" = "iPhone Developer";
				COPY_PHASE_STRIP = NO;
				DEBUG_INFORMATION_FORMAT = "dwarf-with-dsym";
				ENABLE_NS_ASSERTIONS = NO;
				ENABLE_STRICT_OBJC_MSGSEND = YES;
				GCC_C_LANGUAGE_STANDARD = gnu99;
				GCC_NO_COMMON_BLOCKS = YES;
				GCC_WARN_64_TO_32_BIT_CONVERSION = YES;
				GCC_WARN_ABOUT_RETURN_TYPE = YES_ERROR;
				GCC_WARN_UNDECLARED_SELECTOR = YES;
				GCC_WARN_UNINITIALIZED_AUTOS = YES_AGGRESSIVE;
				GCC_WARN_UNUSED_FUNCTION = YES;
				GCC_WARN_UNUSED_VARIABLE = YES;
				IPHONEOS_DEPLOYMENT_TARGET = 8.4;
				MTL_ENABLE_DEBUG_INFO = NO;
				SDKROOT = iphoneos;
				VALIDATE_PRODUCT = YES;
			};
			name = Release;
		};
		D2940F891BA2B5DE00BD3E1B /* Debug */ = {
			isa = XCBuildConfiguration;
			buildSettings = {
				ASSETCATALOG_COMPILER_APPICON_NAME = AppIcon;
				INFOPLIST_FILE = NSAttributedString/Info.plist;
				LD_RUNPATH_SEARCH_PATHS = "$(inherited) @executable_path/Frameworks";
				PRODUCT_NAME = "$(TARGET_NAME)";
			};
			name = Debug;
		};
		D2940F8A1BA2B5DE00BD3E1B /* Release */ = {
			isa = XCBuildConfiguration;
			buildSettings = {
				ASSETCATALOG_COMPILER_APPICON_NAME = AppIcon;
				INFOPLIST_FILE = NSAttributedString/Info.plist;
				LD_RUNPATH_SEARCH_PATHS = "$(inherited) @executable_path/Frameworks";
				PRODUCT_NAME = "$(TARGET_NAME)";
			};
			name = Release;
		};
		D2940F8C1BA2B5DE00BD3E1B /* Debug */ = {
			isa = XCBuildConfiguration;
			buildSettings = {
				BUNDLE_LOADER = "$(TEST_HOST)";
				FRAMEWORK_SEARCH_PATHS = (
					"$(SDKROOT)/Developer/Library/Frameworks",
					"$(inherited)",
				);
				GCC_PREPROCESSOR_DEFINITIONS = (
					"DEBUG=1",
					"$(inherited)",
				);
				INFOPLIST_FILE = NSAttributedStringTests/Info.plist;
				LD_RUNPATH_SEARCH_PATHS = "$(inherited) @executable_path/Frameworks @loader_path/Frameworks";
				PRODUCT_NAME = "$(TARGET_NAME)";
				TEST_HOST = "$(BUILT_PRODUCTS_DIR)/NSAttributedString.app/NSAttributedString";
			};
			name = Debug;
		};
		D2940F8D1BA2B5DE00BD3E1B /* Release */ = {
			isa = XCBuildConfiguration;
			buildSettings = {
				BUNDLE_LOADER = "$(TEST_HOST)";
				FRAMEWORK_SEARCH_PATHS = (
					"$(SDKROOT)/Developer/Library/Frameworks",
					"$(inherited)",
				);
				INFOPLIST_FILE = NSAttributedStringTests/Info.plist;
				LD_RUNPATH_SEARCH_PATHS = "$(inherited) @executable_path/Frameworks @loader_path/Frameworks";
				PRODUCT_NAME = "$(TARGET_NAME)";
				TEST_HOST = "$(BUILT_PRODUCTS_DIR)/NSAttributedString.app/NSAttributedString";
			};
			name = Release;
		};
/* End XCBuildConfiguration section */

/* Begin XCConfigurationList section */
		D2940F661BA2B5DE00BD3E1B /* Build configuration list for PBXProject "NSAttributedString" */ = {
			isa = XCConfigurationList;
			buildConfigurations = (
				D2940F861BA2B5DE00BD3E1B /* Debug */,
				D2940F871BA2B5DE00BD3E1B /* Release */,
			);
			defaultConfigurationIsVisible = 0;
			defaultConfigurationName = Release;
		};
		D2940F881BA2B5DE00BD3E1B /* Build configuration list for PBXNativeTarget "NSAttributedString" */ = {
			isa = XCConfigurationList;
			buildConfigurations = (
				D2940F891BA2B5DE00BD3E1B /* Debug */,
				D2940F8A1BA2B5DE00BD3E1B /* Release */,
			);
			defaultConfigurationIsVisible = 0;
			defaultConfigurationName = Release;
		};
		D2940F8B1BA2B5DE00BD3E1B /* Build configuration list for PBXNativeTarget "NSAttributedStringTests" */ = {
			isa = XCConfigurationList;
			buildConfigurations = (
				D2940F8C1BA2B5DE00BD3E1B /* Debug */,
				D2940F8D1BA2B5DE00BD3E1B /* Release */,
			);
			defaultConfigurationIsVisible = 0;
			defaultConfigurationName = Release;
		};
/* End XCConfigurationList section */
	};
	rootObject = D2940F631BA2B5DE00BD3E1B /* Project object */;
}
